
Microsoft Visual Studio Solution File, Format Version 12.00
# Visual Studio Version 16
VisualStudioVersion = 16.0.29009.5
MinimumVisualStudioVersion = 10.0.40219.1
Project("{FAE04EC0-301F-11D3-BF4B-00C04F79EFBC}") = "LinkedList", "LinkedList\LinkedList.csproj", "{69797710-CFA6-4DBB-A8F9-65BDA50DDF3B}"
EndProject
Global
	GlobalSection(SolutionConfigurationPlatforms) = preSolution
		Debug|Any CPU = Debug|Any CPU
		Release|Any CPU = Release|Any CPU
	EndGlobalSection
	GlobalSection(ProjectConfigurationPlatforms) = postSolution
		{69797710-CFA6-4DBB-A8F9-65BDA50DDF3B}.Debug|Any CPU.ActiveCfg = Debug|Any CPU
		{69797710-CFA6-4DBB-A8F9-65BDA50DDF3B}.Debug|Any CPU.Build.0 = Debug|Any CPU
		{69797710-CFA6-4DBB-A8F9-65BDA50DDF3B}.Release|Any CPU.ActiveCfg = Release|Any CPU
		{69797710-CFA6-4DBB-A8F9-65BDA50DDF3B}.Release|Any CPU.Build.0 = Release|Any CPU
	EndGlobalSection
	GlobalSection(SolutionProperties) = preSolution
		HideSolutionNode = FALSE
	EndGlobalSection
	GlobalSection(ExtensibilityGlobals) = postSolution
		SolutionGuid = {650BB93E-5623-421F-87F3-1658D555DFF6}
	EndGlobalSection
EndGlobal
